// !$*UTF8*$!
{
	archiveVersion = 1;
	classes = {
	};
	objectVersion = 46;
	objects = {

/* Begin PBXBuildFile section */
		3312255A1CB5BFC30008405D /* FDCFlightListViewController.m in Sources */ = {isa = PBXBuildFile; fileRef = 331225591CB5BFC30008405D /* FDCFlightListViewController.m */; };
		3312255B1CB5BFC30008405D /* FDCFlightListViewController.m in Sources */ = {isa = PBXBuildFile; fileRef = 331225591CB5BFC30008405D /* FDCFlightListViewController.m */; };
		3312255D1CB5C0230008405D /* FDCFlightListViewController.xib in Resources */ = {isa = PBXBuildFile; fileRef = 3312255C1CB5C0230008405D /* FDCFlightListViewController.xib */; };
		3312255E1CB5C0230008405D /* FDCFlightListViewController.xib in Resources */ = {isa = PBXBuildFile; fileRef = 3312255C1CB5C0230008405D /* FDCFlightListViewController.xib */; };
		331225601CB5DE1A0008405D /* imageList.plist in Resources */ = {isa = PBXBuildFile; fileRef = 3312255F1CB5DE1A0008405D /* imageList.plist */; };
		331225631CB72D500008405D /* FDDAirportTests.m in Sources */ = {isa = PBXBuildFile; fileRef = 331225621CB72D500008405D /* FDDAirportTests.m */; };
		331225661CB72D840008405D /* FDDFlightTests.m in Sources */ = {isa = PBXBuildFile; fileRef = 331225651CB72D840008405D /* FDDFlightTests.m */; };
		331225681CB72D8F0008405D /* FDDPortMomentTests.m in Sources */ = {isa = PBXBuildFile; fileRef = 331225671CB72D8F0008405D /* FDDPortMomentTests.m */; };
		3312256C1CB72DBF0008405D /* FDMFlightAPIManagerTest.m in Sources */ = {isa = PBXBuildFile; fileRef = 3312256B1CB72DBF0008405D /* FDMFlightAPIManagerTest.m */; };
		3312256E1CB72DCB0008405D /* FDMAirportManagerTests.m in Sources */ = {isa = PBXBuildFile; fileRef = 3312256D1CB72DCB0008405D /* FDMAirportManagerTests.m */; };
		331225741CB734360008405D /* flight.api.json in Resources */ = {isa = PBXBuildFile; fileRef = 331225721CB734360008405D /* flight.api.json */; };
		331225771CB734480008405D /* imageList.plist in Resources */ = {isa = PBXBuildFile; fileRef = 331225761CB734480008405D /* imageList.plist */; };
		331225831CB77D910008405D /* mockAirportA.xml in Resources */ = {isa = PBXBuildFile; fileRef = 331225821CB77D910008405D /* mockAirportA.xml */; };
		331225851CB780140008405D /* mockAirportB.xml in Resources */ = {isa = PBXBuildFile; fileRef = 331225841CB780140008405D /* mockAirportB.xml */; };
		331225871CB780600008405D /* mockAirportBMod.xml in Resources */ = {isa = PBXBuildFile; fileRef = 331225861CB780600008405D /* mockAirportBMod.xml */; };
		3312258B1CB783990008405D /* mockPortMomentB.xml in Resources */ = {isa = PBXBuildFile; fileRef = 3312258A1CB783990008405D /* mockPortMomentB.xml */; };
		3312258D1CB783D50008405D /* mockPortMomentA.xml in Resources */ = {isa = PBXBuildFile; fileRef = 3312258C1CB783D50008405D /* mockPortMomentA.xml */; };
		3312258F1CB784FC0008405D /* mockFlightA.xml in Resources */ = {isa = PBXBuildFile; fileRef = 3312258E1CB784FC0008405D /* mockFlightA.xml */; };
		331225911CB7855B0008405D /* mockFlightB.xml in Resources */ = {isa = PBXBuildFile; fileRef = 331225901CB7855B0008405D /* mockFlightB.xml */; };
		333525631CB483DA003A40A4 /* CoreLocation.framework in Frameworks */ = {isa = PBXBuildFile; fileRef = 333525621CB483DA003A40A4 /* CoreLocation.framework */; };
		333525671CB48E2D003A40A4 /* FDMAirportManager.m in Sources */ = {isa = PBXBuildFile; fileRef = 333525661CB48E2D003A40A4 /* FDMAirportManager.m */; };
		333525681CB48E2D003A40A4 /* FDMAirportManager.m in Sources */ = {isa = PBXBuildFile; fileRef = 333525661CB48E2D003A40A4 /* FDMAirportManager.m */; };
		3335256B1CB4902B003A40A4 /* FDMFlightAPIManager.m in Sources */ = {isa = PBXBuildFile; fileRef = 3335256A1CB4902B003A40A4 /* FDMFlightAPIManager.m */; };
		3335256C1CB4902B003A40A4 /* FDMFlightAPIManager.m in Sources */ = {isa = PBXBuildFile; fileRef = 3335256A1CB4902B003A40A4 /* FDMFlightAPIManager.m */; };
		3335256F1CB490E0003A40A4 /* FDMFlightManager.m in Sources */ = {isa = PBXBuildFile; fileRef = 3335256E1CB490E0003A40A4 /* FDMFlightManager.m */; };
		333525701CB490E0003A40A4 /* FDMFlightManager.m in Sources */ = {isa = PBXBuildFile; fileRef = 3335256E1CB490E0003A40A4 /* FDMFlightManager.m */; };
		3366A62C1CB40E5200B6B349 /* main.m in Sources */ = {isa = PBXBuildFile; fileRef = 3366A62B1CB40E5200B6B349 /* main.m */; };
		3366A62F1CB40E5200B6B349 /* FlightDemoAppDelegate.m in Sources */ = {isa = PBXBuildFile; fileRef = 3366A62E1CB40E5200B6B349 /* FlightDemoAppDelegate.m */; };
		3366A6371CB40E5200B6B349 /* Assets.xcassets in Resources */ = {isa = PBXBuildFile; fileRef = 3366A6361CB40E5200B6B349 /* Assets.xcassets */; };
		3366A63A1CB40E5200B6B349 /* LaunchScreen.storyboard in Resources */ = {isa = PBXBuildFile; fileRef = 3366A6381CB40E5200B6B349 /* LaunchScreen.storyboard */; };
		3366A6451CB40E5200B6B349 /* FlightDemoTests.m in Sources */ = {isa = PBXBuildFile; fileRef = 3366A6441CB40E5200B6B349 /* FlightDemoTests.m */; };
		3366A6551CB4532700B6B349 /* FDCFlightInfoViewController.m in Sources */ = {isa = PBXBuildFile; fileRef = 3366A6531CB4532700B6B349 /* FDCFlightInfoViewController.m */; };
		3366A6561CB4532700B6B349 /* FDCFlightInfoViewController.m in Sources */ = {isa = PBXBuildFile; fileRef = 3366A6531CB4532700B6B349 /* FDCFlightInfoViewController.m */; };
		3366A6571CB4532700B6B349 /* FDCFlightInfoViewController.xib in Resources */ = {isa = PBXBuildFile; fileRef = 3366A6541CB4532700B6B349 /* FDCFlightInfoViewController.xib */; };
		3366A6581CB4532700B6B349 /* FDCFlightInfoViewController.xib in Resources */ = {isa = PBXBuildFile; fileRef = 3366A6541CB4532700B6B349 /* FDCFlightInfoViewController.xib */; };
		33DB29BD1CB459670054BFD4 /* FDVFlightListViewCell.m in Sources */ = {isa = PBXBuildFile; fileRef = 33DB29BB1CB459670054BFD4 /* FDVFlightListViewCell.m */; };
		33DB29BE1CB459670054BFD4 /* FDVFlightListViewCell.m in Sources */ = {isa = PBXBuildFile; fileRef = 33DB29BB1CB459670054BFD4 /* FDVFlightListViewCell.m */; };
		33DB29BF1CB459670054BFD4 /* FDVFlightListViewCell.xib in Resources */ = {isa = PBXBuildFile; fileRef = 33DB29BC1CB459670054BFD4 /* FDVFlightListViewCell.xib */; };
		33DB29C01CB459670054BFD4 /* FDVFlightListViewCell.xib in Resources */ = {isa = PBXBuildFile; fileRef = 33DB29BC1CB459670054BFD4 /* FDVFlightListViewCell.xib */; };
		33DB29C31CB466410054BFD4 /* flight.api.json in Resources */ = {isa = PBXBuildFile; fileRef = 33DB29C21CB466410054BFD4 /* flight.api.json */; };
		33DB29C71CB46BDB0054BFD4 /* FDDAirport.m in Sources */ = {isa = PBXBuildFile; fileRef = 33DB29C61CB46BDB0054BFD4 /* FDDAirport.m */; };
		33DB29C81CB46BDB0054BFD4 /* FDDAirport.m in Sources */ = {isa = PBXBuildFile; fileRef = 33DB29C61CB46BDB0054BFD4 /* FDDAirport.m */; };
		33DB29CB1CB46BEC0054BFD4 /* FDDFlight.m in Sources */ = {isa = PBXBuildFile; fileRef = 33DB29CA1CB46BEC0054BFD4 /* FDDFlight.m */; };
		33DB29CC1CB46BEC0054BFD4 /* FDDFlight.m in Sources */ = {isa = PBXBuildFile; fileRef = 33DB29CA1CB46BEC0054BFD4 /* FDDFlight.m */; };
		33DB29CF1CB46D1F0054BFD4 /* FDDPortMoment.m in Sources */ = {isa = PBXBuildFile; fileRef = 33DB29CE1CB46D1F0054BFD4 /* FDDPortMoment.m */; };
		33DB29D01CB46D1F0054BFD4 /* FDDPortMoment.m in Sources */ = {isa = PBXBuildFile; fileRef = 33DB29CE1CB46D1F0054BFD4 /* FDDPortMoment.m */; };
/* End PBXBuildFile section */

/* Begin PBXContainerItemProxy section */
		3366A6411CB40E5200B6B349 /* PBXContainerItemProxy */ = {
			isa = PBXContainerItemProxy;
			containerPortal = 3366A61F1CB40E5200B6B349 /* Project object */;
			proxyType = 1;
			remoteGlobalIDString = 3366A6261CB40E5200B6B349;
			remoteInfo = FlightDemo;
		};
/* End PBXContainerItemProxy section */

/* Begin PBXFileReference section */
		331225581CB5BFC30008405D /* FDCFlightListViewController.h */ = {isa = PBXFileReference; fileEncoding = 4; lastKnownFileType = sourcecode.c.h; path = FDCFlightListViewController.h; sourceTree = "<group>"; };
		331225591CB5BFC30008405D /* FDCFlightListViewController.m */ = {isa = PBXFileReference; fileEncoding = 4; lastKnownFileType = sourcecode.c.objc; path = FDCFlightListViewController.m; sourceTree = "<group>"; };
		3312255C1CB5C0230008405D /* FDCFlightListViewController.xib */ = {isa = PBXFileReference; fileEncoding = 4; lastKnownFileType = file.xib; path = FDCFlightListViewController.xib; sourceTree = "<group>"; };
		3312255F1CB5DE1A0008405D /* imageList.plist */ = {isa = PBXFileReference; fileEncoding = 4; lastKnownFileType = text.plist.xml; path = imageList.plist; sourceTree = "<group>"; };
		331225621CB72D500008405D /* FDDAirportTests.m */ = {isa = PBXFileReference; fileEncoding = 4; lastKnownFileType = sourcecode.c.objc; path = FDDAirportTests.m; sourceTree = "<group>"; };
		331225651CB72D840008405D /* FDDFlightTests.m */ = {isa = PBXFileReference; fileEncoding = 4; lastKnownFileType = sourcecode.c.objc; path = FDDFlightTests.m; sourceTree = "<group>"; };
		331225671CB72D8F0008405D /* FDDPortMomentTests.m */ = {isa = PBXFileReference; fileEncoding = 4; lastKnownFileType = sourcecode.c.objc; path = FDDPortMomentTests.m; sourceTree = "<group>"; };
		3312256B1CB72DBF0008405D /* FDMFlightAPIManagerTest.m */ = {isa = PBXFileReference; fileEncoding = 4; lastKnownFileType = sourcecode.c.objc; path = FDMFlightAPIManagerTest.m; sourceTree = "<group>"; };
		3312256D1CB72DCB0008405D /* FDMAirportManagerTests.m */ = {isa = PBXFileReference; fileEncoding = 4; lastKnownFileType = sourcecode.c.objc; path = FDMAirportManagerTests.m; sourceTree = "<group>"; };
		331225721CB734360008405D /* flight.api.json */ = {isa = PBXFileReference; fileEncoding = 4; lastKnownFileType = text.json; path = flight.api.json; sourceTree = "<group>"; };
		331225761CB734480008405D /* imageList.plist */ = {isa = PBXFileReference; fileEncoding = 4; lastKnownFileType = text.plist.xml; path = imageList.plist; sourceTree = "<group>"; };
		331225781CB738260008405D /* FDTTestUtils.h */ = {isa = PBXFileReference; fileEncoding = 4; lastKnownFileType = sourcecode.c.h; path = FDTTestUtils.h; sourceTree = "<group>"; };
		331225811CB77B6E0008405D /* FDUtils.h */ = {isa = PBXFileReference; fileEncoding = 4; lastKnownFileType = sourcecode.c.h; path = FDUtils.h; sourceTree = "<group>"; };
		331225821CB77D910008405D /* mockAirportA.xml */ = {isa = PBXFileReference; fileEncoding = 4; lastKnownFileType = text.xml; path = mockAirportA.xml; sourceTree = "<group>"; };
		331225841CB780140008405D /* mockAirportB.xml */ = {isa = PBXFileReference; fileEncoding = 4; lastKnownFileType = text.xml; path = mockAirportB.xml; sourceTree = "<group>"; };
		331225861CB780600008405D /* mockAirportBMod.xml */ = {isa = PBXFileReference; fileEncoding = 4; lastKnownFileType = text.xml; path = mockAirportBMod.xml; sourceTree = "<group>"; };
		3312258A1CB783990008405D /* mockPortMomentB.xml */ = {isa = PBXFileReference; fileEncoding = 4; lastKnownFileType = text.xml; path = mockPortMomentB.xml; sourceTree = "<group>"; };
		3312258C1CB783D50008405D /* mockPortMomentA.xml */ = {isa = PBXFileReference; fileEncoding = 4; lastKnownFileType = text.xml; path = mockPortMomentA.xml; sourceTree = "<group>"; };
		3312258E1CB784FC0008405D /* mockFlightA.xml */ = {isa = PBXFileReference; fileEncoding = 4; lastKnownFileType = text.xml; path = mockFlightA.xml; sourceTree = "<group>"; };
		331225901CB7855B0008405D /* mockFlightB.xml */ = {isa = PBXFileReference; fileEncoding = 4; lastKnownFileType = text.xml; path = mockFlightB.xml; sourceTree = "<group>"; };
		333525621CB483DA003A40A4 /* CoreLocation.framework */ = {isa = PBXFileReference; lastKnownFileType = wrapper.framework; name = CoreLocation.framework; path = System/Library/Frameworks/CoreLocation.framework; sourceTree = SDKROOT; };
		333525651CB48E2D003A40A4 /* FDMAirportManager.h */ = {isa = PBXFileReference; fileEncoding = 4; lastKnownFileType = sourcecode.c.h; path = FDMAirportManager.h; sourceTree = "<group>"; };
		333525661CB48E2D003A40A4 /* FDMAirportManager.m */ = {isa = PBXFileReference; fileEncoding = 4; lastKnownFileType = sourcecode.c.objc; path = FDMAirportManager.m; sourceTree = "<group>"; };
		333525691CB4902B003A40A4 /* FDMFlightAPIManager.h */ = {isa = PBXFileReference; fileEncoding = 4; lastKnownFileType = sourcecode.c.h; path = FDMFlightAPIManager.h; sourceTree = "<group>"; };
		3335256A1CB4902B003A40A4 /* FDMFlightAPIManager.m */ = {isa = PBXFileReference; fileEncoding = 4; lastKnownFileType = sourcecode.c.objc; path = FDMFlightAPIManager.m; sourceTree = "<group>"; };
		3335256D1CB490E0003A40A4 /* FDMFlightManager.h */ = {isa = PBXFileReference; fileEncoding = 4; lastKnownFileType = sourcecode.c.h; path = FDMFlightManager.h; sourceTree = "<group>"; };
		3335256E1CB490E0003A40A4 /* FDMFlightManager.m */ = {isa = PBXFileReference; fileEncoding = 4; lastKnownFileType = sourcecode.c.objc; path = FDMFlightManager.m; sourceTree = "<group>"; };
		3366A6271CB40E5200B6B349 /* FlightDemo.app */ = {isa = PBXFileReference; explicitFileType = wrapper.application; includeInIndex = 0; path = FlightDemo.app; sourceTree = BUILT_PRODUCTS_DIR; };
		3366A62B1CB40E5200B6B349 /* main.m */ = {isa = PBXFileReference; lastKnownFileType = sourcecode.c.objc; path = main.m; sourceTree = "<group>"; };
		3366A62D1CB40E5200B6B349 /* FlightDemoAppDelegate.h */ = {isa = PBXFileReference; lastKnownFileType = sourcecode.c.h; path = FlightDemoAppDelegate.h; sourceTree = "<group>"; };
		3366A62E1CB40E5200B6B349 /* FlightDemoAppDelegate.m */ = {isa = PBXFileReference; lastKnownFileType = sourcecode.c.objc; path = FlightDemoAppDelegate.m; sourceTree = "<group>"; };
		3366A6361CB40E5200B6B349 /* Assets.xcassets */ = {isa = PBXFileReference; lastKnownFileType = folder.assetcatalog; path = Assets.xcassets; sourceTree = "<group>"; };
		3366A6391CB40E5200B6B349 /* Base */ = {isa = PBXFileReference; lastKnownFileType = file.storyboard; name = Base; path = Base.lproj/LaunchScreen.storyboard; sourceTree = "<group>"; };
		3366A63B1CB40E5200B6B349 /* Info.plist */ = {isa = PBXFileReference; lastKnownFileType = text.plist.xml; path = Info.plist; sourceTree = "<group>"; };
		3366A6401CB40E5200B6B349 /* FlightDemoTests.xctest */ = {isa = PBXFileReference; explicitFileType = wrapper.cfbundle; includeInIndex = 0; path = FlightDemoTests.xctest; sourceTree = BUILT_PRODUCTS_DIR; };
		3366A6441CB40E5200B6B349 /* FlightDemoTests.m */ = {isa = PBXFileReference; lastKnownFileType = sourcecode.c.objc; path = FlightDemoTests.m; sourceTree = "<group>"; };
		3366A6461CB40E5200B6B349 /* Info.plist */ = {isa = PBXFileReference; lastKnownFileType = text.plist.xml; path = Info.plist; sourceTree = "<group>"; };
		3366A6521CB4532700B6B349 /* FDCFlightInfoViewController.h */ = {isa = PBXFileReference; fileEncoding = 4; lastKnownFileType = sourcecode.c.h; path = FDCFlightInfoViewController.h; sourceTree = "<group>"; };
		3366A6531CB4532700B6B349 /* FDCFlightInfoViewController.m */ = {isa = PBXFileReference; fileEncoding = 4; lastKnownFileType = sourcecode.c.objc; path = FDCFlightInfoViewController.m; sourceTree = "<group>"; };
		3366A6541CB4532700B6B349 /* FDCFlightInfoViewController.xib */ = {isa = PBXFileReference; fileEncoding = 4; lastKnownFileType = file.xib; path = FDCFlightInfoViewController.xib; sourceTree = "<group>"; };
		33DB29BA1CB459670054BFD4 /* FDVFlightListViewCell.h */ = {isa = PBXFileReference; fileEncoding = 4; lastKnownFileType = sourcecode.c.h; path = FDVFlightListViewCell.h; sourceTree = "<group>"; };
		33DB29BB1CB459670054BFD4 /* FDVFlightListViewCell.m */ = {isa = PBXFileReference; fileEncoding = 4; lastKnownFileType = sourcecode.c.objc; path = FDVFlightListViewCell.m; sourceTree = "<group>"; };
		33DB29BC1CB459670054BFD4 /* FDVFlightListViewCell.xib */ = {isa = PBXFileReference; fileEncoding = 4; lastKnownFileType = file.xib; path = FDVFlightListViewCell.xib; sourceTree = "<group>"; };
		33DB29C21CB466410054BFD4 /* flight.api.json */ = {isa = PBXFileReference; fileEncoding = 4; lastKnownFileType = text.json; path = flight.api.json; sourceTree = "<group>"; };
		33DB29C51CB46BDB0054BFD4 /* FDDAirport.h */ = {isa = PBXFileReference; fileEncoding = 4; lastKnownFileType = sourcecode.c.h; path = FDDAirport.h; sourceTree = "<group>"; };
		33DB29C61CB46BDB0054BFD4 /* FDDAirport.m */ = {isa = PBXFileReference; fileEncoding = 4; lastKnownFileType = sourcecode.c.objc; path = FDDAirport.m; sourceTree = "<group>"; };
		33DB29C91CB46BEC0054BFD4 /* FDDFlight.h */ = {isa = PBXFileReference; fileEncoding = 4; lastKnownFileType = sourcecode.c.h; path = FDDFlight.h; sourceTree = "<group>"; };
		33DB29CA1CB46BEC0054BFD4 /* FDDFlight.m */ = {isa = PBXFileReference; fileEncoding = 4; lastKnownFileType = sourcecode.c.objc; path = FDDFlight.m; sourceTree = "<group>"; };
		33DB29CD1CB46D1F0054BFD4 /* FDDPortMoment.h */ = {isa = PBXFileReference; fileEncoding = 4; lastKnownFileType = sourcecode.c.h; path = FDDPortMoment.h; sourceTree = "<group>"; };
		33DB29CE1CB46D1F0054BFD4 /* FDDPortMoment.m */ = {isa = PBXFileReference; fileEncoding = 4; lastKnownFileType = sourcecode.c.objc; path = FDDPortMoment.m; sourceTree = "<group>"; };
/* End PBXFileReference section */

/* Begin PBXFrameworksBuildPhase section */
		3366A6241CB40E5200B6B349 /* Frameworks */ = {
			isa = PBXFrameworksBuildPhase;
			buildActionMask = 2147483647;
			files = (
				333525631CB483DA003A40A4 /* CoreLocation.framework in Frameworks */,
			);
			runOnlyForDeploymentPostprocessing = 0;
		};
		3366A63D1CB40E5200B6B349 /* Frameworks */ = {
			isa = PBXFrameworksBuildPhase;
			buildActionMask = 2147483647;
			files = (
			);
			runOnlyForDeploymentPostprocessing = 0;
		};
/* End PBXFrameworksBuildPhase section */

/* Begin PBXGroup section */
		3312256F1CB72DD90008405D /* Managers */ = {
			isa = PBXGroup;
			children = (
				3312256B1CB72DBF0008405D /* FDMFlightAPIManagerTest.m */,
				3312256D1CB72DCB0008405D /* FDMAirportManagerTests.m */,
			);
			name = Managers;
			sourceTree = "<group>";
		};
		331225701CB72DE90008405D /* Models */ = {
			isa = PBXGroup;
			children = (
				331225621CB72D500008405D /* FDDAirportTests.m */,
				331225651CB72D840008405D /* FDDFlightTests.m */,
				331225671CB72D8F0008405D /* FDDPortMomentTests.m */,
			);
			name = Models;
			sourceTree = "<group>";
		};
		331225711CB7340F0008405D /* MockData */ = {
			isa = PBXGroup;
			children = (
				331225761CB734480008405D /* imageList.plist */,
				331225721CB734360008405D /* flight.api.json */,
				331225821CB77D910008405D /* mockAirportA.xml */,
				331225841CB780140008405D /* mockAirportB.xml */,
				331225861CB780600008405D /* mockAirportBMod.xml */,
				3312258A1CB783990008405D /* mockPortMomentB.xml */,
				3312258C1CB783D50008405D /* mockPortMomentA.xml */,
				3312258E1CB784FC0008405D /* mockFlightA.xml */,
				331225901CB7855B0008405D /* mockFlightB.xml */,
			);
			name = MockData;
			sourceTree = "<group>";
		};
		333525641CB48E1D003A40A4 /* Managers */ = {
			isa = PBXGroup;
			children = (
				333525651CB48E2D003A40A4 /* FDMAirportManager.h */,
				333525661CB48E2D003A40A4 /* FDMAirportManager.m */,
				333525691CB4902B003A40A4 /* FDMFlightAPIManager.h */,
				3335256A1CB4902B003A40A4 /* FDMFlightAPIManager.m */,
				3335256D1CB490E0003A40A4 /* FDMFlightManager.h */,
				3335256E1CB490E0003A40A4 /* FDMFlightManager.m */,
			);
			name = Managers;
			sourceTree = "<group>";
		};
		3366A61E1CB40E5200B6B349 = {
			isa = PBXGroup;
			children = (
				333525621CB483DA003A40A4 /* CoreLocation.framework */,
				3366A6291CB40E5200B6B349 /* FlightDemo */,
				3366A6431CB40E5200B6B349 /* FlightDemoTests */,
				3366A6281CB40E5200B6B349 /* Products */,
			);
			sourceTree = "<group>";
		};
		3366A6281CB40E5200B6B349 /* Products */ = {
			isa = PBXGroup;
			children = (
				3366A6271CB40E5200B6B349 /* FlightDemo.app */,
				3366A6401CB40E5200B6B349 /* FlightDemoTests.xctest */,
			);
			name = Products;
			sourceTree = "<group>";
		};
		3366A6291CB40E5200B6B349 /* FlightDemo */ = {
			isa = PBXGroup;
			children = (
				333525641CB48E1D003A40A4 /* Managers */,
				33DB29C11CB465FB0054BFD4 /* MockData */,
				33DB29B71CB454E20054BFD4 /* Models */,
				3366A6601CB4539900B6B349 /* UI */,
				3366A6511CB40E7400B6B349 /* Utils */,
				3366A62D1CB40E5200B6B349 /* FlightDemoAppDelegate.h */,
				3366A62E1CB40E5200B6B349 /* FlightDemoAppDelegate.m */,
				3366A6361CB40E5200B6B349 /* Assets.xcassets */,
				3366A6381CB40E5200B6B349 /* LaunchScreen.storyboard */,
				3366A63B1CB40E5200B6B349 /* Info.plist */,
				3366A62A1CB40E5200B6B349 /* Supporting Files */,
			);
			path = FlightDemo;
			sourceTree = "<group>";
		};
		3366A62A1CB40E5200B6B349 /* Supporting Files */ = {
			isa = PBXGroup;
			children = (
				3366A62B1CB40E5200B6B349 /* main.m */,
			);
			name = "Supporting Files";
			sourceTree = "<group>";
		};
		3366A6431CB40E5200B6B349 /* FlightDemoTests */ = {
			isa = PBXGroup;
			children = (
				331225711CB7340F0008405D /* MockData */,
				331225701CB72DE90008405D /* Models */,
				3312256F1CB72DD90008405D /* Managers */,
				3366A6441CB40E5200B6B349 /* FlightDemoTests.m */,
				3366A6461CB40E5200B6B349 /* Info.plist */,
				331225781CB738260008405D /* FDTTestUtils.h */,
			);
			path = FlightDemoTests;
			sourceTree = "<group>";
		};
		3366A6511CB40E7400B6B349 /* Utils */ = {
			isa = PBXGroup;
			children = (
				331225811CB77B6E0008405D /* FDUtils.h */,
			);
			name = Utils;
			sourceTree = "<group>";
		};
		3366A6601CB4539900B6B349 /* UI */ = {
			isa = PBXGroup;
			children = (
				3366A6521CB4532700B6B349 /* FDCFlightInfoViewController.h */,
				3366A6531CB4532700B6B349 /* FDCFlightInfoViewController.m */,
				3366A6541CB4532700B6B349 /* FDCFlightInfoViewController.xib */,
				33DB29BA1CB459670054BFD4 /* FDVFlightListViewCell.h */,
				33DB29BB1CB459670054BFD4 /* FDVFlightListViewCell.m */,
				33DB29BC1CB459670054BFD4 /* FDVFlightListViewCell.xib */,
				331225581CB5BFC30008405D /* FDCFlightListViewController.h */,
				331225591CB5BFC30008405D /* FDCFlightListViewController.m */,
				3312255C1CB5C0230008405D /* FDCFlightListViewController.xib */,
			);
			name = UI;
			sourceTree = "<group>";
		};
		33DB29B71CB454E20054BFD4 /* Models */ = {
			isa = PBXGroup;
			children = (
				33DB29C51CB46BDB0054BFD4 /* FDDAirport.h */,
				33DB29C61CB46BDB0054BFD4 /* FDDAirport.m */,
				33DB29C91CB46BEC0054BFD4 /* FDDFlight.h */,
				33DB29CA1CB46BEC0054BFD4 /* FDDFlight.m */,
				33DB29CD1CB46D1F0054BFD4 /* FDDPortMoment.h */,
				33DB29CE1CB46D1F0054BFD4 /* FDDPortMoment.m */,
			);
			name = Models;
			sourceTree = "<group>";
		};
		33DB29C11CB465FB0054BFD4 /* MockData */ = {
			isa = PBXGroup;
			children = (
				33DB29C21CB466410054BFD4 /* flight.api.json */,
				3312255F1CB5DE1A0008405D /* imageList.plist */,
			);
			name = MockData;
			sourceTree = "<group>";
		};
/* End PBXGroup section */

/* Begin PBXNativeTarget section */
		3366A6261CB40E5200B6B349 /* FlightDemo */ = {
			isa = PBXNativeTarget;
			buildConfigurationList = 3366A6491CB40E5200B6B349 /* Build configuration list for PBXNativeTarget "FlightDemo" */;
			buildPhases = (
				3366A6231CB40E5200B6B349 /* Sources */,
				3366A6241CB40E5200B6B349 /* Frameworks */,
				3366A6251CB40E5200B6B349 /* Resources */,
			);
			buildRules = (
			);
			dependencies = (
			);
			name = FlightDemo;
			productName = FlightDemo;
			productReference = 3366A6271CB40E5200B6B349 /* FlightDemo.app */;
			productType = "com.apple.product-type.application";
		};
		3366A63F1CB40E5200B6B349 /* FlightDemoTests */ = {
			isa = PBXNativeTarget;
			buildConfigurationList = 3366A64C1CB40E5200B6B349 /* Build configuration list for PBXNativeTarget "FlightDemoTests" */;
			buildPhases = (
				3366A63C1CB40E5200B6B349 /* Sources */,
				3366A63D1CB40E5200B6B349 /* Frameworks */,
				3366A63E1CB40E5200B6B349 /* Resources */,
			);
			buildRules = (
			);
			dependencies = (
				3366A6421CB40E5200B6B349 /* PBXTargetDependency */,
			);
			name = FlightDemoTests;
			productName = FlightDemoTests;
			productReference = 3366A6401CB40E5200B6B349 /* FlightDemoTests.xctest */;
			productType = "com.apple.product-type.bundle.unit-test";
		};
/* End PBXNativeTarget section */

/* Begin PBXProject section */
		3366A61F1CB40E5200B6B349 /* Project object */ = {
			isa = PBXProject;
			attributes = {
				LastUpgradeCheck = 0730;
				ORGANIZATIONNAME = "Gary Morrison";
				TargetAttributes = {
					3366A6261CB40E5200B6B349 = {
						CreatedOnToolsVersion = 7.3;
						DevelopmentTeam = DSK45E5856;
					};
					3366A63F1CB40E5200B6B349 = {
						CreatedOnToolsVersion = 7.3;
						TestTargetID = 3366A6261CB40E5200B6B349;
					};
				};
			};
			buildConfigurationList = 3366A6221CB40E5200B6B349 /* Build configuration list for PBXProject "FlightDemo" */;
			compatibilityVersion = "Xcode 3.2";
			developmentRegion = English;
			hasScannedForEncodings = 0;
			knownRegions = (
				en,
				Base,
			);
			mainGroup = 3366A61E1CB40E5200B6B349;
			productRefGroup = 3366A6281CB40E5200B6B349 /* Products */;
			projectDirPath = "";
			projectRoot = "";
			targets = (
				3366A6261CB40E5200B6B349 /* FlightDemo */,
				3366A63F1CB40E5200B6B349 /* FlightDemoTests */,
			);
		};
/* End PBXProject section */

/* Begin PBXResourcesBuildPhase section */
		3366A6251CB40E5200B6B349 /* Resources */ = {
			isa = PBXResourcesBuildPhase;
			buildActionMask = 2147483647;
			files = (
				33DB29C31CB466410054BFD4 /* flight.api.json in Resources */,
				3312255D1CB5C0230008405D /* FDCFlightListViewController.xib in Resources */,
				33DB29BF1CB459670054BFD4 /* FDVFlightListViewCell.xib in Resources */,
				331225601CB5DE1A0008405D /* imageList.plist in Resources */,
				3366A63A1CB40E5200B6B349 /* LaunchScreen.storyboard in Resources */,
				3366A6571CB4532700B6B349 /* FDCFlightInfoViewController.xib in Resources */,
				3366A6371CB40E5200B6B349 /* Assets.xcassets in Resources */,
			);
			runOnlyForDeploymentPostprocessing = 0;
		};
		3366A63E1CB40E5200B6B349 /* Resources */ = {
			isa = PBXResourcesBuildPhase;
			buildActionMask = 2147483647;
			files = (
				331225771CB734480008405D /* imageList.plist in Resources */,
				331225831CB77D910008405D /* mockAirportA.xml in Resources */,
				331225741CB734360008405D /* flight.api.json in Resources */,
				3312258B1CB783990008405D /* mockPortMomentB.xml in Resources */,
				331225911CB7855B0008405D /* mockFlightB.xml in Resources */,
				3312258D1CB783D50008405D /* mockPortMomentA.xml in Resources */,
				331225871CB780600008405D /* mockAirportBMod.xml in Resources */,
				3312255E1CB5C0230008405D /* FDCFlightListViewController.xib in Resources */,
				33DB29C01CB459670054BFD4 /* FDVFlightListViewCell.xib in Resources */,
				3312258F1CB784FC0008405D /* mockFlightA.xml in Resources */,
				331225851CB780140008405D /* mockAirportB.xml in Resources */,
				3366A6581CB4532700B6B349 /* FDCFlightInfoViewController.xib in Resources */,
			);
			runOnlyForDeploymentPostprocessing = 0;
		};
/* End PBXResourcesBuildPhase section */

/* Begin PBXSourcesBuildPhase section */
		3366A6231CB40E5200B6B349 /* Sources */ = {
			isa = PBXSourcesBuildPhase;
			buildActionMask = 2147483647;
			files = (
				3366A6551CB4532700B6B349 /* FDCFlightInfoViewController.m in Sources */,
				3335256B1CB4902B003A40A4 /* FDMFlightAPIManager.m in Sources */,
				3335256F1CB490E0003A40A4 /* FDMFlightManager.m in Sources */,
				33DB29CF1CB46D1F0054BFD4 /* FDDPortMoment.m in Sources */,
				33DB29BD1CB459670054BFD4 /* FDVFlightListViewCell.m in Sources */,
				333525671CB48E2D003A40A4 /* FDMAirportManager.m in Sources */,
				33DB29C71CB46BDB0054BFD4 /* FDDAirport.m in Sources */,
				33DB29CB1CB46BEC0054BFD4 /* FDDFlight.m in Sources */,
				3366A62F1CB40E5200B6B349 /* FlightDemoAppDelegate.m in Sources */,
				3312255A1CB5BFC30008405D /* FDCFlightListViewController.m in Sources */,
				3366A62C1CB40E5200B6B349 /* main.m in Sources */,
			);
			runOnlyForDeploymentPostprocessing = 0;
		};
		3366A63C1CB40E5200B6B349 /* Sources */ = {
			isa = PBXSourcesBuildPhase;
			buildActionMask = 2147483647;
			files = (
				33DB29BE1CB459670054BFD4 /* FDVFlightListViewCell.m in Sources */,
				331225681CB72D8F0008405D /* FDDPortMomentTests.m in Sources */,
				333525681CB48E2D003A40A4 /* FDMAirportManager.m in Sources */,
				33DB29D01CB46D1F0054BFD4 /* FDDPortMoment.m in Sources */,
				3366A6451CB40E5200B6B349 /* FlightDemoTests.m in Sources */,
				331225631CB72D500008405D /* FDDAirportTests.m in Sources */,
				33DB29C81CB46BDB0054BFD4 /* FDDAirport.m in Sources */,
				333525701CB490E0003A40A4 /* FDMFlightManager.m in Sources */,
				3366A6561CB4532700B6B349 /* FDCFlightInfoViewController.m in Sources */,
				3312256E1CB72DCB0008405D /* FDMAirportManagerTests.m in Sources */,
				3335256C1CB4902B003A40A4 /* FDMFlightAPIManager.m in Sources */,
				33DB29CC1CB46BEC0054BFD4 /* FDDFlight.m in Sources */,
				331225661CB72D840008405D /* FDDFlightTests.m in Sources */,
				3312255B1CB5BFC30008405D /* FDCFlightListViewController.m in Sources */,
				3312256C1CB72DBF0008405D /* FDMFlightAPIManagerTest.m in Sources */,
			);
			runOnlyForDeploymentPostprocessing = 0;
		};
/* End PBXSourcesBuildPhase section */

/* Begin PBXTargetDependency section */
		3366A6421CB40E5200B6B349 /* PBXTargetDependency */ = {
			isa = PBXTargetDependency;
			target = 3366A6261CB40E5200B6B349 /* FlightDemo */;
			targetProxy = 3366A6411CB40E5200B6B349 /* PBXContainerItemProxy */;
		};
/* End PBXTargetDependency section */

/* Begin PBXVariantGroup section */
		3366A6381CB40E5200B6B349 /* LaunchScreen.storyboard */ = {
			isa = PBXVariantGroup;
			children = (
				3366A6391CB40E5200B6B349 /* Base */,
			);
			name = LaunchScreen.storyboard;
			sourceTree = "<group>";
		};
/* End PBXVariantGroup section */

/* Begin XCBuildConfiguration section */
		3366A6471CB40E5200B6B349 /* Debug */ = {
			isa = XCBuildConfiguration;
			buildSettings = {
				ALWAYS_SEARCH_USER_PATHS = NO;
				CLANG_ANALYZER_NONNULL = YES;
				CLANG_CXX_LANGUAGE_STANDARD = "gnu++0x";
				CLANG_CXX_LIBRARY = "libc++";
				CLANG_ENABLE_MODULES = YES;
				CLANG_ENABLE_OBJC_ARC = YES;
				CLANG_WARN_BOOL_CONVERSION = YES;
				CLANG_WARN_CONSTANT_CONVERSION = YES;
				CLANG_WARN_DIRECT_OBJC_ISA_USAGE = YES_ERROR;
				CLANG_WARN_EMPTY_BODY = YES;
				CLANG_WARN_ENUM_CONVERSION = YES;
				CLANG_WARN_INT_CONVERSION = YES;
				CLANG_WARN_OBJC_ROOT_CLASS = YES_ERROR;
				CLANG_WARN_UNREACHABLE_CODE = YES;
				CLANG_WARN__DUPLICATE_METHOD_MATCH = YES;
				"CODE_SIGN_IDENTITY[sdk=iphoneos*]" = "iPhone Developer";
				COPY_PHASE_STRIP = NO;
				DEBUG_INFORMATION_FORMAT = dwarf;
				ENABLE_STRICT_OBJC_MSGSEND = YES;
				ENABLE_TESTABILITY = YES;
				GCC_C_LANGUAGE_STANDARD = gnu99;
				GCC_DYNAMIC_NO_PIC = NO;
				GCC_NO_COMMON_BLOCKS = YES;
				GCC_OPTIMIZATION_LEVEL = 0;
				GCC_PREPROCESSOR_DEFINITIONS = (
					"DEBUG=1",
					"$(inherited)",
				);
				GCC_WARN_64_TO_32_BIT_CONVERSION = YES;
				GCC_WARN_ABOUT_RETURN_TYPE = YES_ERROR;
				GCC_WARN_UNDECLARED_SELECTOR = YES;
				GCC_WARN_UNINITIALIZED_AUTOS = YES_AGGRESSIVE;
				GCC_WARN_UNUSED_FUNCTION = YES;
				GCC_WARN_UNUSED_VARIABLE = YES;
				IPHONEOS_DEPLOYMENT_TARGET = 9.3;
				MTL_ENABLE_DEBUG_INFO = YES;
				ONLY_ACTIVE_ARCH = YES;
				SDKROOT = iphoneos;
				TARGETED_DEVICE_FAMILY = "1,2";
			};
			name = Debug;
		};
		3366A6481CB40E5200B6B349 /* Release */ = {
			isa = XCBuildConfiguration;
			buildSettings = {
				ALWAYS_SEARCH_USER_PATHS = NO;
				CLANG_ANALYZER_NONNULL = YES;
				CLANG_CXX_LANGUAGE_STANDARD = "gnu++0x";
				CLANG_CXX_LIBRARY = "libc++";
				CLANG_ENABLE_MODULES = YES;
				CLANG_ENABLE_OBJC_ARC = YES;
				CLANG_WARN_BOOL_CONVERSION = YES;
				CLANG_WARN_CONSTANT_CONVERSION = YES;
				CLANG_WARN_DIRECT_OBJC_ISA_USAGE = YES_ERROR;
				CLANG_WARN_EMPTY_BODY = YES;
				CLANG_WARN_ENUM_CONVERSION = YES;
				CLANG_WARN_INT_CONVERSION = YES;
				CLANG_WARN_OBJC_ROOT_CLASS = YES_ERROR;
				CLANG_WARN_UNREACHABLE_CODE = YES;
				CLANG_WARN__DUPLICATE_METHOD_MATCH = YES;
				"CODE_SIGN_IDENTITY[sdk=iphoneos*]" = "iPhone Developer";
				COPY_PHASE_STRIP = NO;
				DEBUG_INFORMATION_FORMAT = "dwarf-with-dsym";
				ENABLE_NS_ASSERTIONS = NO;
				ENABLE_STRICT_OBJC_MSGSEND = YES;
				GCC_C_LANGUAGE_STANDARD = gnu99;
				GCC_NO_COMMON_BLOCKS = YES;
				GCC_WARN_64_TO_32_BIT_CONVERSION = YES;
				GCC_WARN_ABOUT_RETURN_TYPE = YES_ERROR;
				GCC_WARN_UNDECLARED_SELECTOR = YES;
				GCC_WARN_UNINITIALIZED_AUTOS = YES_AGGRESSIVE;
				GCC_WARN_UNUSED_FUNCTION = YES;
				GCC_WARN_UNUSED_VARIABLE = YES;
				IPHONEOS_DEPLOYMENT_TARGET = 9.3;
				MTL_ENABLE_DEBUG_INFO = NO;
				SDKROOT = iphoneos;
				TARGETED_DEVICE_FAMILY = "1,2";
				VALIDATE_PRODUCT = YES;
			};
			name = Release;
		};
		3366A64A1CB40E5200B6B349 /* Debug */ = {
			isa = XCBuildConfiguration;
			buildSettings = {
				ASSETCATALOG_COMPILER_APPICON_NAME = AppIcon;
				CLANG_WARN_DOCUMENTATION_COMMENTS = YES;
				CODE_SIGN_IDENTITY = "iPhone Developer";
				INFOPLIST_FILE = FlightDemo/Info.plist;
				LD_RUNPATH_SEARCH_PATHS = "$(inherited) @executable_path/Frameworks";
				PRODUCT_BUNDLE_IDENTIFIER = xyz.demo.FlightDemo;
				PRODUCT_NAME = "$(TARGET_NAME)";
			};
			name = Debug;
		};
		3366A64B1CB40E5200B6B349 /* Release */ = {
			isa = XCBuildConfiguration;
			buildSettings = {
				ASSETCATALOG_COMPILER_APPICON_NAME = AppIcon;
				CLANG_WARN_DOCUMENTATION_COMMENTS = YES;
				CODE_SIGN_IDENTITY = "iPhone Developer";
				INFOPLIST_FILE = FlightDemo/Info.plist;
				LD_RUNPATH_SEARCH_PATHS = "$(inherited) @executable_path/Frameworks";
				PRODUCT_BUNDLE_IDENTIFIER = xyz.demo.FlightDemo;
				PRODUCT_NAME = "$(TARGET_NAME)";
			};
			name = Release;
		};
		3366A64D1CB40E5200B6B349 /* Debug */ = {
			isa = XCBuildConfiguration;
			buildSettings = {
				BUNDLE_LOADER = "$(TEST_HOST)";
				INFOPLIST_FILE = FlightDemoTests/Info.plist;
				LD_RUNPATH_SEARCH_PATHS = "$(inherited) @executable_path/Frameworks @loader_path/Frameworks";
				PRODUCT_BUNDLE_IDENTIFIER = xyz.demo.FlightDemoTests;
				PRODUCT_NAME = "$(TARGET_NAME)";
				TEST_HOST = "$(BUILT_PRODUCTS_DIR)/FlightDemo.app/FlightDemo";
			};
			name = Debug;
		};
		3366A64E1CB40E5200B6B349 /* Release */ = {
			isa = XCBuildConfiguration;
			buildSettings = {
				BUNDLE_LOADER = "$(TEST_HOST)";
				INFOPLIST_FILE = FlightDemoTests/Info.plist;
				LD_RUNPATH_SEARCH_PATHS = "$(inherited) @executable_path/Frameworks @loader_path/Frameworks";
				PRODUCT_BUNDLE_IDENTIFIER = xyz.demo.FlightDemoTests;
				PRODUCT_NAME = "$(TARGET_NAME)";
				TEST_HOST = "$(BUILT_PRODUCTS_DIR)/FlightDemo.app/FlightDemo";
			};
			name = Release;
		};
/* End XCBuildConfiguration section */

/* Begin XCConfigurationList section */
		3366A6221CB40E5200B6B349 /* Build configuration list for PBXProject "FlightDemo" */ = {
			isa = XCConfigurationList;
			buildConfigurations = (
				3366A6471CB40E5200B6B349 /* Debug */,
				3366A6481CB40E5200B6B349 /* Release */,
			);
			defaultConfigurationIsVisible = 0;
			defaultConfigurationName = Release;
		};
		3366A6491CB40E5200B6B349 /* Build configuration list for PBXNativeTarget "FlightDemo" */ = {
			isa = XCConfigurationList;
			buildConfigurations = (
				3366A64A1CB40E5200B6B349 /* Debug */,
				3366A64B1CB40E5200B6B349 /* Release */,
			);
			defaultConfigurationIsVisible = 0;
			defaultConfigurationName = Release;
		};
		3366A64C1CB40E5200B6B349 /* Build configuration list for PBXNativeTarget "FlightDemoTests" */ = {
			isa = XCConfigurationList;
			buildConfigurations = (
				3366A64D1CB40E5200B6B349 /* Debug */,
				3366A64E1CB40E5200B6B349 /* Release */,
			);
			defaultConfigurationIsVisible = 0;
			defaultConfigurationName = Release;
		};
/* End XCConfigurationList section */
	};
	rootObject = 3366A61F1CB40E5200B6B349 /* Project object */;
}
